// !$*UTF8*$!
{
	archiveVersion = 1;
	classes = {
	};
	objectVersion = 70;
	objects = {

/* Begin PBXBuildFile section */
		0FD5A072F9A54BE6BF577542 /* LocationManager.swift in Sources */ = {isa = PBXBuildFile; fileRef = C3D4AC04526D4C5385104B15 /* LocationManager.swift */; };
		140CDF095D6544D9BCBB7E72 /* AudioPlayer.swift in Sources */ = {isa = PBXBuildFile; fileRef = 807F45EC6CE04C95A5BB07DE /* AudioPlayer.swift */; };
		1441B414F1D547559B1A9C6B /* distance_interval_kankaku.mp3 in Resources */ = {isa = PBXBuildFile; fileRef = 3E1D16D2D1A24A97A5A8249C /* distance_interval_kankaku.mp3 */; };
		458BEA4B8FDF4A1B89E55E3D /* Assets.xcassets in Resources */ = {isa = PBXBuildFile; fileRef = 1880A77BC7C347E3A3CA1133 /* Assets.xcassets */; };
		6E1087E440664A0A8B4A6C8D /* Localizable.strings in Resources */ = {isa = PBXBuildFile; fileRef = EE5F1DF5A45C41758EB69B08 /* Localizable.strings */; };
		792D313C1E384B09A536209D /* DestinationStore.swift in Sources */ = {isa = PBXBuildFile; fileRef = 20EC8B7353964D549EF5277B /* DestinationStore.swift */; };
		A9F73C90EA4746DF81C7016D /* OssLicensesView.swift in Sources */ = {isa = PBXBuildFile; fileRef = 79C20289975B4F29B98F5282 /* OssLicensesView.swift */; };
		B530AD000EA6437499A5C55F /* WelcomeView.swift in Sources */ = {isa = PBXBuildFile; fileRef = DC608362A60C4EE2B9118DF5 /* WelcomeView.swift */; };
		B98515A54A8542F18E02CBFA /* ExperimentalSettingsView.swift in Sources */ = {isa = PBXBuildFile; fileRef = 1674B3A42C8E48B8925EAB4D /* ExperimentalSettingsView.swift */; };
		B9C0D78694924F38A68B1319 /* GeoUtils.swift in Sources */ = {isa = PBXBuildFile; fileRef = 78B9FA497D344EFE87865391 /* GeoUtils.swift */; };
		D21F2432E3714324B2A34C15 /* distance_114514km.mp3 in Resources */ = {isa = PBXBuildFile; fileRef = B77B68D10A5843219288946A /* distance_114514km.mp3 */; };
		DBA226C0B9664907AAABE986 /* LocalNotificationManager.swift in Sources */ = {isa = PBXBuildFile; fileRef = 6A1F190F8AFE4955A01DB0C7 /* LocalNotificationManager.swift */; };
		DF6C6584FC44405E86974BBF /* BeastLocatorApp.swift in Sources */ = {isa = PBXBuildFile; fileRef = EAD8D81106AC40608A266FC3 /* BeastLocatorApp.swift */; };
		E0AE508DB1AB437881C17BAC /* SettingsView.swift in Sources */ = {isa = PBXBuildFile; fileRef = 5A84E43638EA483496166BD7 /* SettingsView.swift */; };
		E21DEBAA2FD679A700450BED /* WidgetKit.framework in Frameworks */ = {isa = PBXBuildFile; fileRef = E21DEBA92FD679A700450BED /* WidgetKit.framework */; };
		E21DEBAC2FD679A700450BED /* SwiftUI.framework in Frameworks */ = {isa = PBXBuildFile; fileRef = E21DEBAB2FD679A700450BED /* SwiftUI.framework */; };
		E21DEBB92FD679A800450BED /* BeastLocatorWidgetExtension.appex in Embed Foundation Extensions */ = {isa = PBXBuildFile; fileRef = E21DEBA72FD679A700450BED /* BeastLocatorWidgetExtension.appex */; settings = {ATTRIBUTES = (RemoveHeadersOnCopy, ); }; };
		EDC20CE13E7746EFBA4333C1 /* AboutView.swift in Sources */ = {isa = PBXBuildFile; fileRef = DA391AFD1B3342158E870A9F /* AboutView.swift */; };
		FAFDC80221E64B7F9BF52059 /* MainView.swift in Sources */ = {isa = PBXBuildFile; fileRef = 15E20C96D1DC404A9882A633 /* MainView.swift */; };
		FC728D4095794609B2304C59 /* arrival_0km.wav in Resources */ = {isa = PBXBuildFile; fileRef = 7C1B095416A04ECDB9B763FC /* arrival_0km.wav */; };
/* End PBXBuildFile section */

/* Begin PBXContainerItemProxy section */
		E21DEBB72FD679A800450BED /* PBXContainerItemProxy */ = {
			isa = PBXContainerItemProxy;
			containerPortal = 1BD94BA239C54B5EA765BB4D /* Project object */;
			proxyType = 1;
			remoteGlobalIDString = E21DEBA62FD679A700450BED;
			remoteInfo = BeastLocatorWidgetExtension;
		};
/* End PBXContainerItemProxy section */

/* Begin PBXCopyFilesBuildPhase section */
		E21DEBBE2FD679A800450BED /* Embed Foundation Extensions */ = {
			isa = PBXCopyFilesBuildPhase;
			buildActionMask = 2147483647;
			dstPath = "";
			dstSubfolderSpec = 13;
			files = (
				E21DEBB92FD679A800450BED /* BeastLocatorWidgetExtension.appex in Embed Foundation Extensions */,
			);
			name = "Embed Foundation Extensions";
			runOnlyForDeploymentPostprocessing = 0;
		};
/* End PBXCopyFilesBuildPhase section */

/* Begin PBXFileReference section */
		15E20C96D1DC404A9882A633 /* MainView.swift */ = {isa = PBXFileReference; lastKnownFileType = sourcecode.swift; name = MainView.swift; path = Views/MainView.swift; sourceTree = "<group>"; };
		1674B3A42C8E48B8925EAB4D /* ExperimentalSettingsView.swift */ = {isa = PBXFileReference; lastKnownFileType = sourcecode.swift; name = ExperimentalSettingsView.swift; path = Views/ExperimentalSettingsView.swift; sourceTree = "<group>"; };
		1880A77BC7C347E3A3CA1133 /* Assets.xcassets */ = {isa = PBXFileReference; lastKnownFileType = folder.assetcatalog; path = Assets.xcassets; sourceTree = "<group>"; };
		207A29DAC7404CD0BB563AC2 /* zh-Hans */ = {isa = PBXFileReference; lastKnownFileType = text.plist.strings; name = "zh-Hans"; path = "zh-Hans.lproj/Localizable.strings"; sourceTree = "<group>"; };
		20EC8B7353964D549EF5277B /* DestinationStore.swift */ = {isa = PBXFileReference; lastKnownFileType = sourcecode.swift; name = DestinationStore.swift; path = Models/DestinationStore.swift; sourceTree = "<group>"; };
		3E1D16D2D1A24A97A5A8249C /* distance_interval_kankaku.mp3 */ = {isa = PBXFileReference; lastKnownFileType = audio.mp3; name = distance_interval_kankaku.mp3; path = Resources/distance_interval_kankaku.mp3; sourceTree = "<group>"; };
		5A84E43638EA483496166BD7 /* SettingsView.swift */ = {isa = PBXFileReference; lastKnownFileType = sourcecode.swift; name = SettingsView.swift; path = Views/SettingsView.swift; sourceTree = "<group>"; };
		6A1F190F8AFE4955A01DB0C7 /* LocalNotificationManager.swift */ = {isa = PBXFileReference; lastKnownFileType = sourcecode.swift; name = LocalNotificationManager.swift; path = Utilities/LocalNotificationManager.swift; sourceTree = "<group>"; };
		6B0125A5AEEC49DF9CF53A66 /* en */ = {isa = PBXFileReference; lastKnownFileType = text.plist.strings; name = en; path = en.lproj/Localizable.strings; sourceTree = "<group>"; };
		78B9FA497D344EFE87865391 /* GeoUtils.swift */ = {isa = PBXFileReference; lastKnownFileType = sourcecode.swift; name = GeoUtils.swift; path = Utilities/GeoUtils.swift; sourceTree = "<group>"; };
		79C20289975B4F29B98F5282 /* OssLicensesView.swift */ = {isa = PBXFileReference; lastKnownFileType = sourcecode.swift; name = OssLicensesView.swift; path = Views/OssLicensesView.swift; sourceTree = "<group>"; };
		7C1B095416A04ECDB9B763FC /* arrival_0km.wav */ = {isa = PBXFileReference; lastKnownFileType = audio.wav; name = arrival_0km.wav; path = Resources/arrival_0km.wav; sourceTree = "<group>"; };
		807F45EC6CE04C95A5BB07DE /* AudioPlayer.swift */ = {isa = PBXFileReference; lastKnownFileType = sourcecode.swift; name = AudioPlayer.swift; path = Utilities/AudioPlayer.swift; sourceTree = "<group>"; };
		A823F8D670104A72AD630DEB /* ja */ = {isa = PBXFileReference; lastKnownFileType = text.plist.strings; name = ja; path = ja.lproj/Localizable.strings; sourceTree = "<group>"; };
		AF6462A462EA474A92236A99 /* BeastLocator-iOS.app */ = {isa = PBXFileReference; explicitFileType = wrapper.application; includeInIndex = 0; path = "BeastLocator-iOS.app"; sourceTree = BUILT_PRODUCTS_DIR; };
		B77B68D10A5843219288946A /* distance_114514km.mp3 */ = {isa = PBXFileReference; lastKnownFileType = audio.mp3; name = distance_114514km.mp3; path = Resources/distance_114514km.mp3; sourceTree = "<group>"; };
		C3D4AC04526D4C5385104B15 /* LocationManager.swift */ = {isa = PBXFileReference; lastKnownFileType = sourcecode.swift; name = LocationManager.swift; path = Models/LocationManager.swift; sourceTree = "<group>"; };
		DA391AFD1B3342158E870A9F /* AboutView.swift */ = {isa = PBXFileReference; lastKnownFileType = sourcecode.swift; name = AboutView.swift; path = Views/AboutView.swift; sourceTree = "<group>"; };
		DC608362A60C4EE2B9118DF5 /* WelcomeView.swift */ = {isa = PBXFileReference; lastKnownFileType = sourcecode.swift; name = WelcomeView.swift; path = Views/WelcomeView.swift; sourceTree = "<group>"; };
		E21DEBA72FD679A700450BED /* BeastLocatorWidgetExtension.appex */ = {isa = PBXFileReference; explicitFileType = "wrapper.app-extension"; includeInIndex = 0; path = BeastLocatorWidgetExtension.appex; sourceTree = BUILT_PRODUCTS_DIR; };
		E21DEBA92FD679A700450BED /* WidgetKit.framework */ = {isa = PBXFileReference; lastKnownFileType = wrapper.framework; name = WidgetKit.framework; path = System/Library/Frameworks/WidgetKit.framework; sourceTree = SDKROOT; };
		E21DEBAB2FD679A700450BED /* SwiftUI.framework */ = {isa = PBXFileReference; lastKnownFileType = wrapper.framework; name = SwiftUI.framework; path = System/Library/Frameworks/SwiftUI.framework; sourceTree = SDKROOT; };
		E21DEBC32FD67A6100450BED /* BeastLocatorWidgetExtension.entitlements */ = {isa = PBXFileReference; lastKnownFileType = text.plist.entitlements; path = BeastLocatorWidgetExtension.entitlements; sourceTree = "<group>"; };
		E21DEBC42FD67A6F00450BED /* BeastLocator-iOS.entitlements */ = {isa = PBXFileReference; lastKnownFileType = text.plist.entitlements; path = "BeastLocator-iOS.entitlements"; sourceTree = "<group>"; };
		EAD8D81106AC40608A266FC3 /* BeastLocatorApp.swift */ = {isa = PBXFileReference; lastKnownFileType = sourcecode.swift; path = BeastLocatorApp.swift; sourceTree = "<group>"; };
/* End PBXFileReference section */

/* Begin PBXFileSystemSynchronizedBuildFileExceptionSet section */
		E21DEBBA2FD679A800450BED /* PBXFileSystemSynchronizedBuildFileExceptionSet */ = {
			isa = PBXFileSystemSynchronizedBuildFileExceptionSet;
			membershipExceptions = (
				Info.plist,
			);
			target = E21DEBA62FD679A700450BED /* BeastLocatorWidgetExtension */;
		};
/* End PBXFileSystemSynchronizedBuildFileExceptionSet section */

/* Begin PBXFileSystemSynchronizedRootGroup section */
		E21DEBAD2FD679A700450BED /* BeastLocatorWidget */ = {isa = PBXFileSystemSynchronizedRootGroup; exceptions = (E21DEBBA2FD679A800450BED /* PBXFileSystemSynchronizedBuildFileExceptionSet */, ); explicitFileTypes = {}; explicitFolders = (); path = BeastLocatorWidget; sourceTree = "<group>"; };
/* End PBXFileSystemSynchronizedRootGroup section */

/* Begin PBXFrameworksBuildPhase section */
		AA9E03EE1CD04999830A0766 /* Frameworks */ = {
			isa = PBXFrameworksBuildPhase;
			buildActionMask = 2147483647;
			files = (
			);
			runOnlyForDeploymentPostprocessing = 0;
		};
		E21DEBA42FD679A700450BED /* Frameworks */ = {
			isa = PBXFrameworksBuildPhase;
			buildActionMask = 2147483647;
			files = (
				E21DEBAC2FD679A700450BED /* SwiftUI.framework in Frameworks */,
				E21DEBAA2FD679A700450BED /* WidgetKit.framework in Frameworks */,
			);
			runOnlyForDeploymentPostprocessing = 0;
		};
/* End PBXFrameworksBuildPhase section */

/* Begin PBXGroup section */
		073C3871E87545CCA230507C /* Products */ = {
			isa = PBXGroup;
			children = (
				AF6462A462EA474A92236A99 /* BeastLocator-iOS.app */,
				E21DEBA72FD679A700450BED /* BeastLocatorWidgetExtension.appex */,
			);
			name = Products;
			sourceTree = "<group>";
		};
		16AB3DFE722E4DBE9AFFF557 /* Models */ = {
			isa = PBXGroup;
			children = (
				20EC8B7353964D549EF5277B /* DestinationStore.swift */,
				C3D4AC04526D4C5385104B15 /* LocationManager.swift */,
			);
			name = Models;
			sourceTree = "<group>";
		};
		80FD1A3C11B54DD3A2AAE2DF /* Views */ = {
			isa = PBXGroup;
			children = (
				DC608362A60C4EE2B9118DF5 /* WelcomeView.swift */,
				15E20C96D1DC404A9882A633 /* MainView.swift */,
				5A84E43638EA483496166BD7 /* SettingsView.swift */,
				1674B3A42C8E48B8925EAB4D /* ExperimentalSettingsView.swift */,
				DA391AFD1B3342158E870A9F /* AboutView.swift */,
				79C20289975B4F29B98F5282 /* OssLicensesView.swift */,
			);
			name = Views;
			sourceTree = "<group>";
		};
		992958E7FC5C4BC58A012171 /* BeastLocator-iOS */ = {
			isa = PBXGroup;
			children = (
				E21DEBC42FD67A6F00450BED /* BeastLocator-iOS.entitlements */,
				EAD8D81106AC40608A266FC3 /* BeastLocatorApp.swift */,
				16AB3DFE722E4DBE9AFFF557 /* Models */,
				80FD1A3C11B54DD3A2AAE2DF /* Views */,
				C44BD8604AFC40ECBB8D8BA2 /* Utilities */,
				ECC4B97A56864E6EBBFFAE65 /* Resources */,
			);
			path = "BeastLocator-iOS";
			sourceTree = "<group>";
		};
		C44BD8604AFC40ECBB8D8BA2 /* Utilities */ = {
			isa = PBXGroup;
			children = (
				78B9FA497D344EFE87865391 /* GeoUtils.swift */,
				807F45EC6CE04C95A5BB07DE /* AudioPlayer.swift */,
				6A1F190F8AFE4955A01DB0C7 /* LocalNotificationManager.swift */,
			);
			name = Utilities;
			sourceTree = "<group>";
		};
		E018A71E2AE34D29B7B7C7C4 = {
			isa = PBXGroup;
			children = (
				E21DEBC32FD67A6100450BED /* BeastLocatorWidgetExtension.entitlements */,
				992958E7FC5C4BC58A012171 /* BeastLocator-iOS */,
				E21DEBAD2FD679A700450BED /* BeastLocatorWidget */,
				E21DEBA82FD679A700450BED /* Frameworks */,
				073C3871E87545CCA230507C /* Products */,
			);
			sourceTree = "<group>";
		};
		E21DEBA82FD679A700450BED /* Frameworks */ = {
			isa = PBXGroup;
			children = (
				E21DEBA92FD679A700450BED /* WidgetKit.framework */,
				E21DEBAB2FD679A700450BED /* SwiftUI.framework */,
			);
			name = Frameworks;
			sourceTree = "<group>";
		};
		ECC4B97A56864E6EBBFFAE65 /* Resources */ = {
			isa = PBXGroup;
			children = (
				7C1B095416A04ECDB9B763FC /* arrival_0km.wav */,
				B77B68D10A5843219288946A /* distance_114514km.mp3 */,
				3E1D16D2D1A24A97A5A8249C /* distance_interval_kankaku.mp3 */,
				1880A77BC7C347E3A3CA1133 /* Assets.xcassets */,
				EE5F1DF5A45C41758EB69B08 /* Localizable.strings */,
			);
			name = Resources;
			sourceTree = "<group>";
		};
/* End PBXGroup section */

/* Begin PBXNativeTarget section */
		C45EF8C7F94846F697F953F7 /* BeastLocator-iOS */ = {
			isa = PBXNativeTarget;
			buildConfigurationList = 7AC767A78B7B4621924C0089 /* Build configuration list for PBXNativeTarget "BeastLocator-iOS" */;
			buildPhases = (
				4B9A24859FC54FB79803CEE3 /* Sources */,
				AA9E03EE1CD04999830A0766 /* Frameworks */,
				C3EBFC9870DF4E4F8A8FE553 /* Resources */,
				E21DEBBE2FD679A800450BED /* Embed Foundation Extensions */,
			);
			buildRules = (
			);
			dependencies = (
				E21DEBB82FD679A800450BED /* PBXTargetDependency */,
			);
			name = "BeastLocator-iOS";
			productName = "BeastLocator-iOS";
			productReference = AF6462A462EA474A92236A99 /* BeastLocator-iOS.app */;
			productType = "com.apple.product-type.application";
		};
		E21DEBA62FD679A700450BED /* BeastLocatorWidgetExtension */ = {
			isa = PBXNativeTarget;
			buildConfigurationList = E21DEBBB2FD679A800450BED /* Build configuration list for PBXNativeTarget "BeastLocatorWidgetExtension" */;
			buildPhases = (
				E21DEBA32FD679A700450BED /* Sources */,
				E21DEBA42FD679A700450BED /* Frameworks */,
				E21DEBA52FD679A700450BED /* Resources */,
			);
			buildRules = (
			);
			dependencies = (
			);
			fileSystemSynchronizedGroups = (
				E21DEBAD2FD679A700450BED /* BeastLocatorWidget */,
			);
			name = BeastLocatorWidgetExtension;
			packageProductDependencies = (
			);
			productName = BeastLocatorWidgetExtension;
			productReference = E21DEBA72FD679A700450BED /* BeastLocatorWidgetExtension.appex */;
			productType = "com.apple.product-type.app-extension";
		};
/* End PBXNativeTarget section */

/* Begin PBXProject section */
		1BD94BA239C54B5EA765BB4D /* Project object */ = {
			isa = PBXProject;
			attributes = {
				BuildIndependentTargetsInParallel = 1;
				LastSwiftUpdateCheck = 2630;
				LastUpgradeCheck = 1500;
				TargetAttributes = {
					C45EF8C7F94846F697F953F7 = {
						CreatedOnToolsVersion = 15.0;
					};
					E21DEBA62FD679A700450BED = {
						CreatedOnToolsVersion = 26.3;
					};
				};
			};
			buildConfigurationList = 2C203C061917444DBAD88038 /* Build configuration list for PBXProject "BeastLocator-iOS" */;
			compatibilityVersion = "Xcode 14.0";
			developmentRegion = ja;
			hasScannedForEncodings = 0;
			knownRegions = (
				en,
				ja,
				"zh-Hans",
				Base,
			);
			mainGroup = E018A71E2AE34D29B7B7C7C4;
			productRefGroup = 073C3871E87545CCA230507C /* Products */;
			projectDirPath = "";
			projectRoot = "";
			targets = (
				C45EF8C7F94846F697F953F7 /* BeastLocator-iOS */,
				E21DEBA62FD679A700450BED /* BeastLocatorWidgetExtension */,
			);
		};
/* End PBXProject section */

/* Begin PBXResourcesBuildPhase section */
		C3EBFC9870DF4E4F8A8FE553 /* Resources */ = {
			isa = PBXResourcesBuildPhase;
			buildActionMask = 2147483647;
			files = (
				458BEA4B8FDF4A1B89E55E3D /* Assets.xcassets in Resources */,
				6E1087E440664A0A8B4A6C8D /* Localizable.strings in Resources */,
				FC728D4095794609B2304C59 /* arrival_0km.wav in Resources */,
				D21F2432E3714324B2A34C15 /* distance_114514km.mp3 in Resources */,
				1441B414F1D547559B1A9C6B /* distance_interval_kankaku.mp3 in Resources */,
			);
			runOnlyForDeploymentPostprocessing = 0;
		};
		E21DEBA52FD679A700450BED /* Resources */ = {
			isa = PBXResourcesBuildPhase;
			buildActionMask = 2147483647;
			files = (
			);
			runOnlyForDeploymentPostprocessing = 0;
		};
/* End PBXResourcesBuildPhase section */

/* Begin PBXSourcesBuildPhase section */
		4B9A24859FC54FB79803CEE3 /* Sources */ = {
			isa = PBXSourcesBuildPhase;
			buildActionMask = 2147483647;
			files = (
				DF6C6584FC44405E86974BBF /* BeastLocatorApp.swift in Sources */,
				792D313C1E384B09A536209D /* DestinationStore.swift in Sources */,
				0FD5A072F9A54BE6BF577542 /* LocationManager.swift in Sources */,
				B9C0D78694924F38A68B1319 /* GeoUtils.swift in Sources */,
				140CDF095D6544D9BCBB7E72 /* AudioPlayer.swift in Sources */,
				DBA226C0B9664907AAABE986 /* LocalNotificationManager.swift in Sources */,
				B530AD000EA6437499A5C55F /* WelcomeView.swift in Sources */,
				FAFDC80221E64B7F9BF52059 /* MainView.swift in Sources */,
				E0AE508DB1AB437881C17BAC /* SettingsView.swift in Sources */,
				B98515A54A8542F18E02CBFA /* ExperimentalSettingsView.swift in Sources */,
				EDC20CE13E7746EFBA4333C1 /* AboutView.swift in Sources */,
				A9F73C90EA4746DF81C7016D /* OssLicensesView.swift in Sources */,
			);
			runOnlyForDeploymentPostprocessing = 0;
		};
		E21DEBA32FD679A700450BED /* Sources */ = {
			isa = PBXSourcesBuildPhase;
			buildActionMask = 2147483647;
			files = (
			);
			runOnlyForDeploymentPostprocessing = 0;
		};
/* End PBXSourcesBuildPhase section */

/* Begin PBXTargetDependency section */
		E21DEBB82FD679A800450BED /* PBXTargetDependency */ = {
			isa = PBXTargetDependency;
			target = E21DEBA62FD679A700450BED /* BeastLocatorWidgetExtension */;
			targetProxy = E21DEBB72FD679A800450BED /* PBXContainerItemProxy */;
		};
/* End PBXTargetDependency section */

/* Begin PBXVariantGroup section */
		EE5F1DF5A45C41758EB69B08 /* Localizable.strings */ = {
			isa = PBXVariantGroup;
			children = (
				6B0125A5AEEC49DF9CF53A66 /* en */,
				A823F8D670104A72AD630DEB /* ja */,
				207A29DAC7404CD0BB563AC2 /* zh-Hans */,
			);
			name = Localizable.strings;
			sourceTree = "<group>";
		};
/* End PBXVariantGroup section */

/* Begin XCBuildConfiguration section */
		1200044AF88749BEB409E2F1 /* Release */ = {
			isa = XCBuildConfiguration;
			buildSettings = {
				ALWAYS_SEARCH_USER_PATHS = NO;
				ASSETCATALOG_COMPILER_GENERATE_ASSET_SYMBOLS = YES;
				CLANG_ANALYZER_NONNULL = YES;
				CLANG_ANALYZER_NUMBER_OBJECT_CONVERSION = YES_AGGRESSIVE;
				CLANG_CXX_LANGUAGE_STANDARD = "gnu++20";
				CLANG_CXX_LIBRARY = "libc++";
				CLANG_ENABLE_MODULES = YES;
				CLANG_ENABLE_OBJC_ARC = YES;
				CLANG_ENABLE_OBJC_WEAK = YES;
				CLANG_WARN_BLOCK_CAPTURE_AUTORELEASING = YES;
				CLANG_WARN_BOOL_CONVERSION = YES;
				CLANG_WARN_COMMA = YES;
				CLANG_WARN_CONSTANT_CONVERSION = YES;
				CLANG_WARN_DEPRECATED_OBJC_IMPLEMENTATIONS = YES;
				CLANG_WARN_DIRECT_OBJC_REFS_TO_NON_OBJC_CLASS = YES;
				CLANG_WARN_DOCUMENTATION_COMMENTS = YES;
				CLANG_WARN_EMPTY_BODY = YES;
				CLANG_WARN_ENUM_CONVERSION = YES;
				CLANG_WARN_INFINITE_RECURSION = YES;
				CLANG_WARN_INT_CONVERSION = YES;
				CLANG_WARN_NON_LITERAL_NULL_CONVERSION = YES;
				CLANG_WARN_OBJC_IMPLICIT_RETAIN_SELF = YES;
				CLANG_WARN_OBJC_LITERAL_CONVERSION = YES;
				CLANG_WARN_OBJC_ROOT_CLASS = YES_ERROR;
				CLANG_WARN_QUICKTIME_CONVERSION = YES;
				CLANG_WARN_RANGE_LOOP_ANALYSIS = YES;
				CLANG_WARN_STRICT_PROTOTYPES = YES;
				CLANG_WARN_SUSPICIOUS_MOVE = YES;
				CLANG_WARN_UNGUARDED_AVAILABILITY = YES_AGGRESSIVE;
				CLANG_WARN_UNREACHABLE_CODE = YES;
				COPY_PHASE_STRIP = NO;
				DEBUG_INFORMATION_FORMAT = "dwarf-with-dsym";
				ENABLE_NS_ASSERTIONS = NO;
				ENABLE_STRICT_OBJC_MSGSEND = YES;
				GCC_C_LANGUAGE_STANDARD = gnu11;
				GCC_NO_COMMON_BLOCKS = YES;
				GCC_WARN_64_TO_32_BIT_CONVERSION = YES;
				GCC_WARN_ABOUT_RETURN_TYPE = YES_ERROR;
				GCC_WARN_UNDECLARED_SELECTOR = YES;
				GCC_WARN_UNINITIALIZED_AUTOS = YES_AGGRESSIVE;
				GCC_WARN_UNUSED_FUNCTION = YES;
				GCC_WARN_UNUSED_VARIABLE = YES;
				IPHONEOS_DEPLOYMENT_TARGET = 17.0;
				MTL_ENABLE_DEBUG_INFO = NO;
				MTL_FAST_MATH = YES;
				SDKROOT = iphoneos;
				SWIFT_COMPILATION_MODE = wholemodule;
				SWIFT_OPTIMIZATION_LEVEL = "-O";
				VALIDATE_PRODUCT = YES;
			};
			name = Release;
		};
		1400474040E949779E1A5318 /* Debug */ = {
			isa = XCBuildConfiguration;
			buildSettings = {
				ASSETCATALOG_COMPILER_APPICON_NAME = AppIcon;
				ASSETCATALOG_COMPILER_GLOBAL_ACCENT_COLOR_NAME = AccentColor;
				CODE_SIGN_ENTITLEMENTS = "BeastLocator-iOS/BeastLocator-iOS.entitlements";
				CODE_SIGN_STYLE = Automatic;
				CURRENT_PROJECT_VERSION = 1;
				DEVELOPMENT_ASSET_PATHS = "";
				DEVELOPMENT_TEAM = 89C2U39T84;
				ENABLE_PREVIEWS = YES;
				GENERATE_INFOPLIST_FILE = NO;
				INFOPLIST_FILE = "BeastLocator-iOS/Info.plist";
				LD_RUNPATH_SEARCH_PATHS = (
					"$(inherited)",
					"@executable_path/Frameworks",
				);
				MARKETING_VERSION = 0.9.5;
				PRODUCT_BUNDLE_IDENTIFIER = jp.linkserver.beastlocator;
				PRODUCT_NAME = "$(TARGET_NAME)";
				SWIFT_EMIT_LOC_STRINGS = YES;
				SWIFT_VERSION = 5.0;
				TARGETED_DEVICE_FAMILY = "1,2";
			};
			name = Debug;
		};
		C6511F3B5C1B4C828AB7F544 /* Release */ = {
			isa = XCBuildConfiguration;
			buildSettings = {
				ASSETCATALOG_COMPILER_APPICON_NAME = AppIcon;
				ASSETCATALOG_COMPILER_GLOBAL_ACCENT_COLOR_NAME = AccentColor;
				CODE_SIGN_ENTITLEMENTS = "BeastLocator-iOS/BeastLocator-iOS.entitlements";
				CODE_SIGN_STYLE = Automatic;
				CURRENT_PROJECT_VERSION = 1;
				DEVELOPMENT_ASSET_PATHS = "";
				DEVELOPMENT_TEAM = 89C2U39T84;
				ENABLE_PREVIEWS = YES;
				GENERATE_INFOPLIST_FILE = NO;
				INFOPLIST_FILE = "BeastLocator-iOS/Info.plist";
				LD_RUNPATH_SEARCH_PATHS = (
					"$(inherited)",
					"@executable_path/Frameworks",
				);
				MARKETING_VERSION = 0.9.5;
				PRODUCT_BUNDLE_IDENTIFIER = jp.linkserver.beastlocator;
				PRODUCT_NAME = "$(TARGET_NAME)";
				SWIFT_EMIT_LOC_STRINGS = YES;
				SWIFT_VERSION = 5.0;
				TARGETED_DEVICE_FAMILY = "1,2";
			};
			name = Release;
		};
		CD0FBE369F8A458B931EE4D2 /* Debug */ = {
			isa = XCBuildConfiguration;
			buildSettings = {
				ALWAYS_SEARCH_USER_PATHS = NO;
				ASSETCATALOG_COMPILER_GENERATE_ASSET_SYMBOLS = YES;
				CLANG_ANALYZER_NONNULL = YES;
				CLANG_ANALYZER_NUMBER_OBJECT_CONVERSION = YES_AGGRESSIVE;
				CLANG_CXX_LANGUAGE_STANDARD = "gnu++20";
				CLANG_CXX_LIBRARY = "libc++";
				CLANG_ENABLE_MODULES = YES;
				CLANG_ENABLE_OBJC_ARC = YES;
				CLANG_ENABLE_OBJC_WEAK = YES;
				CLANG_WARN_BLOCK_CAPTURE_AUTORELEASING = YES;
				CLANG_WARN_BOOL_CONVERSION = YES;
				CLANG_WARN_COMMA = YES;
				CLANG_WARN_CONSTANT_CONVERSION = YES;
				CLANG_WARN_DEPRECATED_OBJC_IMPLEMENTATIONS = YES;
				CLANG_WARN_DIRECT_OBJC_REFS_TO_NON_OBJC_CLASS = YES;
				CLANG_WARN_DOCUMENTATION_COMMENTS = YES;
				CLANG_WARN_EMPTY_BODY = YES;
				CLANG_WARN_ENUM_CONVERSION = YES;
				CLANG_WARN_INFINITE_RECURSION = YES;
				CLANG_WARN_INT_CONVERSION = YES;
				CLANG_WARN_NON_LITERAL_NULL_CONVERSION = YES;
				CLANG_WARN_OBJC_IMPLICIT_RETAIN_SELF = YES;
				CLANG_WARN_OBJC_LITERAL_CONVERSION = YES;
				CLANG_WARN_OBJC_ROOT_CLASS = YES_ERROR;
				CLANG_WARN_QUICKTIME_CONVERSION = YES;
				CLANG_WARN_RANGE_LOOP_ANALYSIS = YES;
				CLANG_WARN_STRICT_PROTOTYPES = YES;
				CLANG_WARN_SUSPICIOUS_MOVE = YES;
				CLANG_WARN_UNGUARDED_AVAILABILITY = YES_AGGRESSIVE;
				CLANG_WARN_UNREACHABLE_CODE = YES;
				COPY_PHASE_STRIP = NO;
				DEBUG_INFORMATION_FORMAT = dwarf;
				ENABLE_STRICT_OBJC_MSGSEND = YES;
				ENABLE_TESTABILITY = YES;
				GCC_C_LANGUAGE_STANDARD = gnu11;
				GCC_DYNAMIC_NO_PIC = NO;
				GCC_NO_COMMON_BLOCKS = YES;
				GCC_OPTIMIZATION_LEVEL = 0;
				GCC_PREPROCESSOR_DEFINITIONS = (
					"DEBUG=1",
					"$(inherited)",
				);
				GCC_WARN_64_TO_32_BIT_CONVERSION = YES;
				GCC_WARN_ABOUT_RETURN_TYPE = YES_ERROR;
				GCC_WARN_UNDECLARED_SELECTOR = YES;
				GCC_WARN_UNINITIALIZED_AUTOS = YES_AGGRESSIVE;
				GCC_WARN_UNUSED_FUNCTION = YES;
				GCC_WARN_UNUSED_VARIABLE = YES;
				IPHONEOS_DEPLOYMENT_TARGET = 17.0;
				MTL_ENABLE_DEBUG_INFO = INCLUDE_SOURCE;
				MTL_FAST_MATH = YES;
				ONLY_ACTIVE_ARCH = YES;
				SDKROOT = iphoneos;
				SWIFT_ACTIVE_COMPILATION_CONDITIONS = DEBUG;
				SWIFT_OPTIMIZATION_LEVEL = "-Onone";
			};
			name = Debug;
		};
		E21DEBBC2FD679A800450BED /* Debug */ = {
			isa = XCBuildConfiguration;
			buildSettings = {
				ASSETCATALOG_COMPILER_GENERATE_SWIFT_ASSET_SYMBOL_EXTENSIONS = YES;
				ASSETCATALOG_COMPILER_GLOBAL_ACCENT_COLOR_NAME = AccentColor;
				ASSETCATALOG_COMPILER_WIDGET_BACKGROUND_COLOR_NAME = WidgetBackground;
				CLANG_WARN_DIRECT_OBJC_ISA_USAGE = YES_ERROR;
				CLANG_WARN_QUOTED_INCLUDE_IN_FRAMEWORK_HEADER = YES;
				CLANG_WARN__DUPLICATE_METHOD_MATCH = YES;
				CODE_SIGN_ENTITLEMENTS = BeastLocatorWidgetExtension.entitlements;
				CODE_SIGN_STYLE = Automatic;
				CURRENT_PROJECT_VERSION = 1;
				DEVELOPMENT_TEAM = 89C2U39T84;
				ENABLE_USER_SCRIPT_SANDBOXING = YES;
				GCC_C_LANGUAGE_STANDARD = gnu17;
				GENERATE_INFOPLIST_FILE = YES;
				INFOPLIST_FILE = BeastLocatorWidget/Info.plist;
				INFOPLIST_KEY_CFBundleDisplayName = BeastLocatorWidget;
				INFOPLIST_KEY_NSHumanReadableCopyright = "";
				IPHONEOS_DEPLOYMENT_TARGET = 26.2;
				LD_RUNPATH_SEARCH_PATHS = (
					"$(inherited)",
					"@executable_path/Frameworks",
					"@executable_path/../../Frameworks",
				);
				LOCALIZATION_PREFERS_STRING_CATALOGS = YES;
				MARKETING_VERSION = 1.0;
				PRODUCT_BUNDLE_IDENTIFIER = jp.linkserver.beastlocator.BeastLocatorWidget;
				PRODUCT_NAME = "$(TARGET_NAME)";
				SKIP_INSTALL = YES;
				STRING_CATALOG_GENERATE_SYMBOLS = YES;
				SWIFT_ACTIVE_COMPILATION_CONDITIONS = "DEBUG $(inherited)";
				SWIFT_APPROACHABLE_CONCURRENCY = YES;
				SWIFT_EMIT_LOC_STRINGS = YES;
				SWIFT_UPCOMING_FEATURE_MEMBER_IMPORT_VISIBILITY = YES;
				SWIFT_VERSION = 5.0;
				TARGETED_DEVICE_FAMILY = "1,2";
			};
			name = Debug;
		};
		E21DEBBD2FD679A800450BED /* Release */ = {
			isa = XCBuildConfiguration;
			buildSettings = {
				ASSETCATALOG_COMPILER_GENERATE_SWIFT_ASSET_SYMBOL_EXTENSIONS = YES;
				ASSETCATALOG_COMPILER_GLOBAL_ACCENT_COLOR_NAME = AccentColor;
				ASSETCATALOG_COMPILER_WIDGET_BACKGROUND_COLOR_NAME = WidgetBackground;
				CLANG_WARN_DIRECT_OBJC_ISA_USAGE = YES_ERROR;
				CLANG_WARN_QUOTED_INCLUDE_IN_FRAMEWORK_HEADER = YES;
				CLANG_WARN__DUPLICATE_METHOD_MATCH = YES;
				CODE_SIGN_ENTITLEMENTS = BeastLocatorWidgetExtension.entitlements;
				CODE_SIGN_STYLE = Automatic;
				CURRENT_PROJECT_VERSION = 1;
				DEVELOPMENT_TEAM = 89C2U39T84;
				ENABLE_USER_SCRIPT_SANDBOXING = YES;
				GCC_C_LANGUAGE_STANDARD = gnu17;
				GENERATE_INFOPLIST_FILE = YES;
				INFOPLIST_FILE = BeastLocatorWidget/Info.plist;
				INFOPLIST_KEY_CFBundleDisplayName = BeastLocatorWidget;
				INFOPLIST_KEY_NSHumanReadableCopyright = "";
				IPHONEOS_DEPLOYMENT_TARGET = 26.2;
				LD_RUNPATH_SEARCH_PATHS = (
					"$(inherited)",
					"@executable_path/Frameworks",
					"@executable_path/../../Frameworks",
				);
				LOCALIZATION_PREFERS_STRING_CATALOGS = YES;
				MARKETING_VERSION = 1.0;
				PRODUCT_BUNDLE_IDENTIFIER = jp.linkserver.beastlocator.BeastLocatorWidget;
				PRODUCT_NAME = "$(TARGET_NAME)";
				SKIP_INSTALL = YES;
				STRING_CATALOG_GENERATE_SYMBOLS = YES;
				SWIFT_APPROACHABLE_CONCURRENCY = YES;
				SWIFT_EMIT_LOC_STRINGS = YES;
				SWIFT_UPCOMING_FEATURE_MEMBER_IMPORT_VISIBILITY = YES;
				SWIFT_VERSION = 5.0;
				TARGETED_DEVICE_FAMILY = "1,2";
			};
			name = Release;
		};
/* End XCBuildConfiguration section */

/* Begin XCConfigurationList section */
		2C203C061917444DBAD88038 /* Build configuration list for PBXProject "BeastLocator-iOS" */ = {
			isa = XCConfigurationList;
			buildConfigurations = (
				CD0FBE369F8A458B931EE4D2 /* Debug */,
				1200044AF88749BEB409E2F1 /* Release */,
			);
			defaultConfigurationIsVisible = 0;
			defaultConfigurationName = Release;
		};
		7AC767A78B7B4621924C0089 /* Build configuration list for PBXNativeTarget "BeastLocator-iOS" */ = {
			isa = XCConfigurationList;
			buildConfigurations = (
				1400474040E949779E1A5318 /* Debug */,
				C6511F3B5C1B4C828AB7F544 /* Release */,
			);
			defaultConfigurationIsVisible = 0;
			defaultConfigurationName = Release;
		};
		E21DEBBB2FD679A800450BED /* Build configuration list for PBXNativeTarget "BeastLocatorWidgetExtension" */ = {
			isa = XCConfigurationList;
			buildConfigurations = (
				E21DEBBC2FD679A800450BED /* Debug */,
				E21DEBBD2FD679A800450BED /* Release */,
			);
			defaultConfigurationIsVisible = 0;
			defaultConfigurationName = Release;
		};
/* End XCConfigurationList section */
	};
	rootObject = 1BD94BA239C54B5EA765BB4D /* Project object */;
}
